
Microsoft Visual Studio Solution File, Format Version 12.00
# Visual Studio Version 17
VisualStudioVersion = 17.10.35027.167
MinimumVisualStudioVersion = 10.0.40219.1
Project("{FAE04EC0-301F-11D3-BF4B-00C04F79EFBC}") = "socket", "socket\socket.csproj", "{C724C741-64A5-4483-A6A7-5C441387E3B2}"
EndProject
Global
	GlobalSection(SolutionConfigurationPlatforms) = preSolution
		Debug|Any CPU = Debug|Any CPU
		Release|Any CPU = Release|Any CPU
	EndGlobalSection
	GlobalSection(ProjectConfigurationPlatforms) = postSolution
		{C724C741-64A5-4483-A6A7-5C441387E3B2}.Debug|Any CPU.ActiveCfg = Debug|Any CPU
		{C724C741-64A5-4483-A6A7-5C441387E3B2}.Debug|Any CPU.Build.0 = Debug|Any CPU
		{C724C741-64A5-4483-A6A7-5C441387E3B2}.Release|Any CPU.ActiveCfg = Release|Any CPU
		{C724C741-64A5-4483-A6A7-5C441387E3B2}.Release|Any CPU.Build.0 = Release|Any CPU
	EndGlobalSection
	GlobalSection(SolutionProperties) = preSolution
		HideSolutionNode = FALSE
	EndGlobalSection
	GlobalSection(ExtensibilityGlobals) = postSolution
		SolutionGuid = {245C7491-EF99-4CD9-ABD6-84DA4952DCA3}
	EndGlobalSection
EndGlobal
